
Microsoft Visual Studio Solution File, Format Version 12.00
Project("{FAE04EC0-301F-11D3-BF4B-00C04F79EFBC}") = "Jun_24", "Jun_24\Jun_24.csproj", "{3980286E-5104-4777-BCB3-7428335376EE}"
EndProject
Project("{FAE04EC0-301F-11D3-BF4B-00C04F79EFBC}") = "ArraysAndStrings", "ArraysAndStrings\ArraysAndStrings.csproj", "{A0BABDF5-ED04-4057-8F90-77557FFD62F7}"
EndProject
Global
	GlobalSection(SolutionConfigurationPlatforms) = preSolution
		Debug|Any CPU = Debug|Any CPU
		Release|Any CPU = Release|Any CPU
	EndGlobalSection
	GlobalSection(ProjectConfigurationPlatforms) = postSolution
		{3980286E-5104-4777-BCB3-7428335376EE}.Debug|Any CPU.ActiveCfg = Debug|Any CPU
		{3980286E-5104-4777-BCB3-7428335376EE}.Debug|Any CPU.Build.0 = Debug|Any CPU
		{3980286E-5104-4777-BCB3-7428335376EE}.Release|Any CPU.ActiveCfg = Release|Any CPU
		{3980286E-5104-4777-BCB3-7428335376EE}.Release|Any CPU.Build.0 = Release|Any CPU
		{A0BABDF5-ED04-4057-8F90-77557FFD62F7}.Debug|Any CPU.ActiveCfg = Debug|Any CPU
		{A0BABDF5-ED04-4057-8F90-77557FFD62F7}.Debug|Any CPU.Build.0 = Debug|Any CPU
		{A0BABDF5-ED04-4057-8F90-77557FFD62F7}.Release|Any CPU.ActiveCfg = Release|Any CPU
		{A0BABDF5-ED04-4057-8F90-77557FFD62F7}.Release|Any CPU.Build.0 = Release|Any CPU
	EndGlobalSection
EndGlobal
